
Microsoft Visual Studio Solution File, Format Version 12.00
# Visual Studio Version 17
VisualStudioVersion = 17.9.34728.123
MinimumVisualStudioVersion = 10.0.40219.1
Project("{9A19103F-16F7-4668-BE54-9A1E7A4F7556}") = "CoffeeShop.Products.Api", "CoffeeShop.Products.Api\CoffeeShop.Products.Api.csproj", "{ABB77778-173D-4B94-A610-2F7D69FD774F}"
EndProject
Project("{9A19103F-16F7-4668-BE54-9A1E7A4F7556}") = "CoffeeShop.DataAccess.Common", "CoffeeShop.DataAccess.Common\CoffeeShop.DataAccess.Common.csproj", "{33C0A465-3AFF-4769-BE1D-A50CD25823D4}"
EndProject
Project("{E53339B2-1760-4266-BCC7-CA923CBCF16C}") = "docker-compose", "docker-compose.dcproj", "{2772D9E6-6BAB-45C7-A410-902E0772A38F}"
EndProject
Global
	GlobalSection(SolutionConfigurationPlatforms) = preSolution
		Debug|Any CPU = Debug|Any CPU
		Release|Any CPU = Release|Any CPU
	EndGlobalSection
	GlobalSection(ProjectConfigurationPlatforms) = postSolution
		{ABB77778-173D-4B94-A610-2F7D69FD774F}.Debug|Any CPU.ActiveCfg = Debug|Any CPU
		{ABB77778-173D-4B94-A610-2F7D69FD774F}.Debug|Any CPU.Build.0 = Debug|Any CPU
		{ABB77778-173D-4B94-A610-2F7D69FD774F}.Release|Any CPU.ActiveCfg = Release|Any CPU
		{ABB77778-173D-4B94-A610-2F7D69FD774F}.Release|Any CPU.Build.0 = Release|Any CPU
		{33C0A465-3AFF-4769-BE1D-A50CD25823D4}.Debug|Any CPU.ActiveCfg = Debug|Any CPU
		{33C0A465-3AFF-4769-BE1D-A50CD25823D4}.Debug|Any CPU.Build.0 = Debug|Any CPU
		{33C0A465-3AFF-4769-BE1D-A50CD25823D4}.Release|Any CPU.ActiveCfg = Release|Any CPU
		{33C0A465-3AFF-4769-BE1D-A50CD25823D4}.Release|Any CPU.Build.0 = Release|Any CPU
		{2772D9E6-6BAB-45C7-A410-902E0772A38F}.Debug|Any CPU.ActiveCfg = Debug|Any CPU
		{2772D9E6-6BAB-45C7-A410-902E0772A38F}.Debug|Any CPU.Build.0 = Debug|Any CPU
		{2772D9E6-6BAB-45C7-A410-902E0772A38F}.Release|Any CPU.ActiveCfg = Release|Any CPU
		{2772D9E6-6BAB-45C7-A410-902E0772A38F}.Release|Any CPU.Build.0 = Release|Any CPU
	EndGlobalSection
	GlobalSection(SolutionProperties) = preSolution
		HideSolutionNode = FALSE
	EndGlobalSection
	GlobalSection(ExtensibilityGlobals) = postSolution
		SolutionGuid = {EAAD816B-CE4E-428D-9B04-B6BBB1BE1BB5}
	EndGlobalSection
EndGlobal
